### YamlMime:ManagedReference
items:
- uid: WaveEngine.Framework.Animation.AnimationClock
  commentId: T:WaveEngine.Framework.Animation.AnimationClock
  id: AnimationClock
  parent: WaveEngine.Framework.Animation
  children:
  - WaveEngine.Framework.Animation.AnimationClock.AccelerationRatio
  - WaveEngine.Framework.Animation.AnimationClock.ComputeCurrentTime(System.TimeSpan,System.Double@)
  - WaveEngine.Framework.Animation.AnimationClock.CurrentDuration
  - WaveEngine.Framework.Animation.AnimationClock.CurrentIteration
  - WaveEngine.Framework.Animation.AnimationClock.CurrentState
  - WaveEngine.Framework.Animation.AnimationClock.DecelerationRatio
  - WaveEngine.Framework.Animation.AnimationClock.Reset
  - WaveEngine.Framework.Animation.AnimationClock.Stop
  - WaveEngine.Framework.Animation.AnimationClock.Value
  langs:
  - csharp
  - vb
  name: AnimationClock
  nameWithType: AnimationClock
  fullName: WaveEngine.Framework.Animation.AnimationClock
  type: Class
  source:
    id: AnimationClock
    path: D:\Source\Repos\TestDoc\src25\Common\WaveEngine.Framework\Shared\Animation\AnimationClock.cs
    startLine: 12
  assemblies:
  - WaveEngine.Framework
  namespace: WaveEngine.Framework.Animation
  summary: "\nDefine the animation clock for the animation2d system\n"
  example: []
  syntax:
    content: public class AnimationClock
    content.vb: Public Class AnimationClock
  inheritance:
  - System.Object
  inheritedMembers:
  - System.Object.ToString
  - System.Object.Equals(System.Object)
  - System.Object.Equals(System.Object,System.Object)
  - System.Object.ReferenceEquals(System.Object,System.Object)
  - System.Object.GetHashCode
  - System.Object.GetType
  - System.Object.MemberwiseClone
  extensionMethods:
  - System.Object.WaveEngine.Common.Helpers.ReflectionHelper.GetMemberAssembly
  - System.Object.WaveEngine.Common.Helpers.ReflectionHelper.GetTypeName
  modifiers.csharp:
  - public
  - class
  modifiers.vb:
  - Public
  - Class
- uid: WaveEngine.Framework.Animation.AnimationClock.CurrentDuration
  commentId: P:WaveEngine.Framework.Animation.AnimationClock.CurrentDuration
  id: CurrentDuration
  parent: WaveEngine.Framework.Animation.AnimationClock
  langs:
  - csharp
  - vb
  name: CurrentDuration
  nameWithType: AnimationClock.CurrentDuration
  fullName: WaveEngine.Framework.Animation.AnimationClock.CurrentDuration
  type: Property
  source:
    id: CurrentDuration
    path: D:\Source\Repos\TestDoc\src25\Common\WaveEngine.Framework\Shared\Animation\AnimationClock.cs
    startLine: 34
  assemblies:
  - WaveEngine.Framework
  namespace: WaveEngine.Framework.Animation
  summary: "\nGets or sets the current duration\n"
  example: []
  syntax:
    content: public Duration CurrentDuration { get; set; }
    parameters: []
    return:
      type: WaveEngine.Framework.Animation.Duration
    content.vb: Public Property CurrentDuration As Duration
  overload: WaveEngine.Framework.Animation.AnimationClock.CurrentDuration*
  modifiers.csharp:
  - public
  - get
  - set
  modifiers.vb:
  - Public
- uid: WaveEngine.Framework.Animation.AnimationClock.CurrentState
  commentId: P:WaveEngine.Framework.Animation.AnimationClock.CurrentState
  id: CurrentState
  parent: WaveEngine.Framework.Animation.AnimationClock
  langs:
  - csharp
  - vb
  name: CurrentState
  nameWithType: AnimationClock.CurrentState
  fullName: WaveEngine.Framework.Animation.AnimationClock.CurrentState
  type: Property
  source:
    id: CurrentState
    path: D:\Source\Repos\TestDoc\src25\Common\WaveEngine.Framework\Shared\Animation\AnimationClock.cs
    startLine: 43
  assemblies:
  - WaveEngine.Framework
  namespace: WaveEngine.Framework.Animation
  summary: "\nGets or sets the current clock state\n"
  example: []
  syntax:
    content: public ClockState CurrentState { get; set; }
    parameters: []
    return:
      type: WaveEngine.Framework.Animation.ClockState
    content.vb: Public Property CurrentState As ClockState
  overload: WaveEngine.Framework.Animation.AnimationClock.CurrentState*
  modifiers.csharp:
  - public
  - get
  - set
  modifiers.vb:
  - Public
- uid: WaveEngine.Framework.Animation.AnimationClock.CurrentIteration
  commentId: P:WaveEngine.Framework.Animation.AnimationClock.CurrentIteration
  id: CurrentIteration
  parent: WaveEngine.Framework.Animation.AnimationClock
  langs:
  - csharp
  - vb
  name: CurrentIteration
  nameWithType: AnimationClock.CurrentIteration
  fullName: WaveEngine.Framework.Animation.AnimationClock.CurrentIteration
  type: Property
  source:
    id: CurrentIteration
    path: D:\Source\Repos\TestDoc\src25\Common\WaveEngine.Framework\Shared\Animation\AnimationClock.cs
    startLine: 48
  assemblies:
  - WaveEngine.Framework
  namespace: WaveEngine.Framework.Animation
  summary: "\nGets or sets the current iteration\n"
  example: []
  syntax:
    content: public int CurrentIteration { get; set; }
    parameters: []
    return:
      type: System.Int32
    content.vb: Public Property CurrentIteration As Integer
  overload: WaveEngine.Framework.Animation.AnimationClock.CurrentIteration*
  modifiers.csharp:
  - public
  - get
  - set
  modifiers.vb:
  - Public
- uid: WaveEngine.Framework.Animation.AnimationClock.Value
  commentId: P:WaveEngine.Framework.Animation.AnimationClock.Value
  id: Value
  parent: WaveEngine.Framework.Animation.AnimationClock
  langs:
  - csharp
  - vb
  name: Value
  nameWithType: AnimationClock.Value
  fullName: WaveEngine.Framework.Animation.AnimationClock.Value
  type: Property
  source:
    id: Value
    path: D:\Source\Repos\TestDoc\src25\Common\WaveEngine.Framework\Shared\Animation\AnimationClock.cs
    startLine: 53
  assemblies:
  - WaveEngine.Framework
  namespace: WaveEngine.Framework.Animation
  summary: "\nGets the current clock value\n"
  example: []
  syntax:
    content: public double Value { get; }
    parameters: []
    return:
      type: System.Double
    content.vb: Public ReadOnly Property Value As Double
  overload: WaveEngine.Framework.Animation.AnimationClock.Value*
  modifiers.csharp:
  - public
  - get
  modifiers.vb:
  - Public
  - ReadOnly
- uid: WaveEngine.Framework.Animation.AnimationClock.AccelerationRatio
  commentId: P:WaveEngine.Framework.Animation.AnimationClock.AccelerationRatio
  id: AccelerationRatio
  parent: WaveEngine.Framework.Animation.AnimationClock
  langs:
  - csharp
  - vb
  name: AccelerationRatio
  nameWithType: AnimationClock.AccelerationRatio
  fullName: WaveEngine.Framework.Animation.AnimationClock.AccelerationRatio
  type: Property
  source:
    id: AccelerationRatio
    path: D:\Source\Repos\TestDoc\src25\Common\WaveEngine.Framework\Shared\Animation\AnimationClock.cs
    startLine: 71
  assemblies:
  - WaveEngine.Framework
  namespace: WaveEngine.Framework.Animation
  summary: "\nGets or sets the current acceleration ration\n"
  example: []
  syntax:
    content: public double AccelerationRatio { get; set; }
    parameters: []
    return:
      type: System.Double
    content.vb: Public Property AccelerationRatio As Double
  overload: WaveEngine.Framework.Animation.AnimationClock.AccelerationRatio*
  modifiers.csharp:
  - public
  - get
  - set
  modifiers.vb:
  - Public
- uid: WaveEngine.Framework.Animation.AnimationClock.DecelerationRatio
  commentId: P:WaveEngine.Framework.Animation.AnimationClock.DecelerationRatio
  id: DecelerationRatio
  parent: WaveEngine.Framework.Animation.AnimationClock
  langs:
  - csharp
  - vb
  name: DecelerationRatio
  nameWithType: AnimationClock.DecelerationRatio
  fullName: WaveEngine.Framework.Animation.AnimationClock.DecelerationRatio
  type: Property
  source:
    id: DecelerationRatio
    path: D:\Source\Repos\TestDoc\src25\Common\WaveEngine.Framework\Shared\Animation\AnimationClock.cs
    startLine: 76
  assemblies:
  - WaveEngine.Framework
  namespace: WaveEngine.Framework.Animation
  summary: "\nGets or sets the current decelarion ratio\n"
  example: []
  syntax:
    content: public double DecelerationRatio { get; set; }
    parameters: []
    return:
      type: System.Double
    content.vb: Public Property DecelerationRatio As Double
  overload: WaveEngine.Framework.Animation.AnimationClock.DecelerationRatio*
  modifiers.csharp:
  - public
  - get
  - set
  modifiers.vb:
  - Public
- uid: WaveEngine.Framework.Animation.AnimationClock.ComputeCurrentTime(System.TimeSpan,System.Double@)
  commentId: M:WaveEngine.Framework.Animation.AnimationClock.ComputeCurrentTime(System.TimeSpan,System.Double@)
  id: ComputeCurrentTime(System.TimeSpan,System.Double@)
  parent: WaveEngine.Framework.Animation.AnimationClock
  langs:
  - csharp
  - vb
  name: ComputeCurrentTime(TimeSpan, out Double)
  nameWithType: AnimationClock.ComputeCurrentTime(TimeSpan, out Double)
  fullName: WaveEngine.Framework.Animation.AnimationClock.ComputeCurrentTime(System.TimeSpan, out System.Double)
  type: Method
  source:
    id: ComputeCurrentTime
    path: D:\Source\Repos\TestDoc\src25\Common\WaveEngine.Framework\Shared\Animation\AnimationClock.cs
    startLine: 86
  assemblies:
  - WaveEngine.Framework
  namespace: WaveEngine.Framework.Animation
  summary: "\nCompute the current time based on the current animation time and the target speed\n"
  example: []
  syntax:
    content: public void ComputeCurrentTime(TimeSpan localProgress, out double localSpeed)
    parameters:
    - id: localProgress
      type: System.TimeSpan
      description: Current progress for the animatino
    - id: localSpeed
      type: System.Double
      description: Current animation speed
    content.vb: Public Sub ComputeCurrentTime(localProgress As TimeSpan, ByRef localSpeed As Double)
  overload: WaveEngine.Framework.Animation.AnimationClock.ComputeCurrentTime*
  nameWithType.vb: AnimationClock.ComputeCurrentTime(TimeSpan, ByRef Double)
  modifiers.csharp:
  - public
  modifiers.vb:
  - Public
  fullName.vb: WaveEngine.Framework.Animation.AnimationClock.ComputeCurrentTime(System.TimeSpan, ByRef System.Double)
  name.vb: ComputeCurrentTime(TimeSpan, ByRef Double)
- uid: WaveEngine.Framework.Animation.AnimationClock.Reset
  commentId: M:WaveEngine.Framework.Animation.AnimationClock.Reset
  id: Reset
  parent: WaveEngine.Framework.Animation.AnimationClock
  langs:
  - csharp
  - vb
  name: Reset()
  nameWithType: AnimationClock.Reset()
  fullName: WaveEngine.Framework.Animation.AnimationClock.Reset()
  type: Method
  source:
    id: Reset
    path: D:\Source\Repos\TestDoc\src25\Common\WaveEngine.Framework\Shared\Animation\AnimationClock.cs
    startLine: 141
  assemblies:
  - WaveEngine.Framework
  namespace: WaveEngine.Framework.Animation
  summary: "\nReset the animation clock\n"
  example: []
  syntax:
    content: public void Reset()
    content.vb: Public Sub Reset
  overload: WaveEngine.Framework.Animation.AnimationClock.Reset*
  modifiers.csharp:
  - public
  modifiers.vb:
  - Public
- uid: WaveEngine.Framework.Animation.AnimationClock.Stop
  commentId: M:WaveEngine.Framework.Animation.AnimationClock.Stop
  id: Stop
  parent: WaveEngine.Framework.Animation.AnimationClock
  langs:
  - csharp
  - vb
  name: Stop()
  nameWithType: AnimationClock.Stop()
  fullName: WaveEngine.Framework.Animation.AnimationClock.Stop()
  type: Method
  source:
    id: Stop
    path: D:\Source\Repos\TestDoc\src25\Common\WaveEngine.Framework\Shared\Animation\AnimationClock.cs
    startLine: 150
  assemblies:
  - WaveEngine.Framework
  namespace: WaveEngine.Framework.Animation
  summary: "\nStops the animation clock\n"
  example: []
  syntax:
    content: public void Stop()
    content.vb: Public Sub Stop
  overload: WaveEngine.Framework.Animation.AnimationClock.Stop*
  modifiers.csharp:
  - public
  modifiers.vb:
  - Public
references:
- uid: WaveEngine.Framework.Animation
  commentId: N:WaveEngine.Framework.Animation
  name: WaveEngine.Framework.Animation
  nameWithType: WaveEngine.Framework.Animation
  fullName: WaveEngine.Framework.Animation
- uid: System.Object
  commentId: T:System.Object
  parent: System
  isExternal: true
  name: Object
  nameWithType: Object
  fullName: System.Object
- uid: System.Object.ToString
  commentId: M:System.Object.ToString
  parent: System.Object
  isExternal: true
  name: ToString()
  nameWithType: Object.ToString()
  fullName: System.Object.ToString()
  spec.csharp:
  - uid: System.Object.ToString
    name: ToString
    nameWithType: Object.ToString
    fullName: System.Object.ToString
    isExternal: true
  - name: (
    nameWithType: (
    fullName: (
  - name: )
    nameWithType: )
    fullName: )
  spec.vb:
  - uid: System.Object.ToString
    name: ToString
    nameWithType: Object.ToString
    fullName: System.Object.ToString
    isExternal: true
  - name: (
    nameWithType: (
    fullName: (
  - name: )
    nameWithType: )
    fullName: )
- uid: System.Object.Equals(System.Object)
  commentId: M:System.Object.Equals(System.Object)
  parent: System.Object
  isExternal: true
  name: Equals(Object)
  nameWithType: Object.Equals(Object)
  fullName: System.Object.Equals(System.Object)
  spec.csharp:
  - uid: System.Object.Equals(System.Object)
    name: Equals
    nameWithType: Object.Equals
    fullName: System.Object.Equals
    isExternal: true
  - name: (
    nameWithType: (
    fullName: (
  - uid: System.Object
    name: Object
    nameWithType: Object
    fullName: System.Object
    isExternal: true
  - name: )
    nameWithType: )
    fullName: )
  spec.vb:
  - uid: System.Object.Equals(System.Object)
    name: Equals
    nameWithType: Object.Equals
    fullName: System.Object.Equals
    isExternal: true
  - name: (
    nameWithType: (
    fullName: (
  - uid: System.Object
    name: Object
    nameWithType: Object
    fullName: System.Object
    isExternal: true
  - name: )
    nameWithType: )
    fullName: )
- uid: System.Object.Equals(System.Object,System.Object)
  commentId: M:System.Object.Equals(System.Object,System.Object)
  parent: System.Object
  isExternal: true
  name: Equals(Object, Object)
  nameWithType: Object.Equals(Object, Object)
  fullName: System.Object.Equals(System.Object, System.Object)
  spec.csharp:
  - uid: System.Object.Equals(System.Object,System.Object)
    name: Equals
    nameWithType: Object.Equals
    fullName: System.Object.Equals
    isExternal: true
  - name: (
    nameWithType: (
    fullName: (
  - uid: System.Object
    name: Object
    nameWithType: Object
    fullName: System.Object
    isExternal: true
  - name: ', '
    nameWithType: ', '
    fullName: ', '
  - uid: System.Object
    name: Object
    nameWithType: Object
    fullName: System.Object
    isExternal: true
  - name: )
    nameWithType: )
    fullName: )
  spec.vb:
  - uid: System.Object.Equals(System.Object,System.Object)
    name: Equals
    nameWithType: Object.Equals
    fullName: System.Object.Equals
    isExternal: true
  - name: (
    nameWithType: (
    fullName: (
  - uid: System.Object
    name: Object
    nameWithType: Object
    fullName: System.Object
    isExternal: true
  - name: ', '
    nameWithType: ', '
    fullName: ', '
  - uid: System.Object
    name: Object
    nameWithType: Object
    fullName: System.Object
    isExternal: true
  - name: )
    nameWithType: )
    fullName: )
- uid: System.Object.ReferenceEquals(System.Object,System.Object)
  commentId: M:System.Object.ReferenceEquals(System.Object,System.Object)
  parent: System.Object
  isExternal: true
  name: ReferenceEquals(Object, Object)
  nameWithType: Object.ReferenceEquals(Object, Object)
  fullName: System.Object.ReferenceEquals(System.Object, System.Object)
  spec.csharp:
  - uid: System.Object.ReferenceEquals(System.Object,System.Object)
    name: ReferenceEquals
    nameWithType: Object.ReferenceEquals
    fullName: System.Object.ReferenceEquals
    isExternal: true
  - name: (
    nameWithType: (
    fullName: (
  - uid: System.Object
    name: Object
    nameWithType: Object
    fullName: System.Object
    isExternal: true
  - name: ', '
    nameWithType: ', '
    fullName: ', '
  - uid: System.Object
    name: Object
    nameWithType: Object
    fullName: System.Object
    isExternal: true
  - name: )
    nameWithType: )
    fullName: )
  spec.vb:
  - uid: System.Object.ReferenceEquals(System.Object,System.Object)
    name: ReferenceEquals
    nameWithType: Object.ReferenceEquals
    fullName: System.Object.ReferenceEquals
    isExternal: true
  - name: (
    nameWithType: (
    fullName: (
  - uid: System.Object
    name: Object
    nameWithType: Object
    fullName: System.Object
    isExternal: true
  - name: ', '
    nameWithType: ', '
    fullName: ', '
  - uid: System.Object
    name: Object
    nameWithType: Object
    fullName: System.Object
    isExternal: true
  - name: )
    nameWithType: )
    fullName: )
- uid: System.Object.GetHashCode
  commentId: M:System.Object.GetHashCode
  parent: System.Object
  isExternal: true
  name: GetHashCode()
  nameWithType: Object.GetHashCode()
  fullName: System.Object.GetHashCode()
  spec.csharp:
  - uid: System.Object.GetHashCode
    name: GetHashCode
    nameWithType: Object.GetHashCode
    fullName: System.Object.GetHashCode
    isExternal: true
  - name: (
    nameWithType: (
    fullName: (
  - name: )
    nameWithType: )
    fullName: )
  spec.vb:
  - uid: System.Object.GetHashCode
    name: GetHashCode
    nameWithType: Object.GetHashCode
    fullName: System.Object.GetHashCode
    isExternal: true
  - name: (
    nameWithType: (
    fullName: (
  - name: )
    nameWithType: )
    fullName: )
- uid: System.Object.GetType
  commentId: M:System.Object.GetType
  parent: System.Object
  isExternal: true
  name: GetType()
  nameWithType: Object.GetType()
  fullName: System.Object.GetType()
  spec.csharp:
  - uid: System.Object.GetType
    name: GetType
    nameWithType: Object.GetType
    fullName: System.Object.GetType
    isExternal: true
  - name: (
    nameWithType: (
    fullName: (
  - name: )
    nameWithType: )
    fullName: )
  spec.vb:
  - uid: System.Object.GetType
    name: GetType
    nameWithType: Object.GetType
    fullName: System.Object.GetType
    isExternal: true
  - name: (
    nameWithType: (
    fullName: (
  - name: )
    nameWithType: )
    fullName: )
- uid: System.Object.MemberwiseClone
  commentId: M:System.Object.MemberwiseClone
  parent: System.Object
  isExternal: true
  name: MemberwiseClone()
  nameWithType: Object.MemberwiseClone()
  fullName: System.Object.MemberwiseClone()
  spec.csharp:
  - uid: System.Object.MemberwiseClone
    name: MemberwiseClone
    nameWithType: Object.MemberwiseClone
    fullName: System.Object.MemberwiseClone
    isExternal: true
  - name: (
    nameWithType: (
    fullName: (
  - name: )
    nameWithType: )
    fullName: )
  spec.vb:
  - uid: System.Object.MemberwiseClone
    name: MemberwiseClone
    nameWithType: Object.MemberwiseClone
    fullName: System.Object.MemberwiseClone
    isExternal: true
  - name: (
    nameWithType: (
    fullName: (
  - name: )
    nameWithType: )
    fullName: )
- uid: System.Object.WaveEngine.Common.Helpers.ReflectionHelper.GetMemberAssembly
  commentId: M:WaveEngine.Common.Helpers.ReflectionHelper.GetMemberAssembly(System.Object)
  parent: WaveEngine.Common.Helpers.ReflectionHelper
  definition: WaveEngine.Common.Helpers.ReflectionHelper.GetMemberAssembly(System.Object)
  name: GetMemberAssembly()
  nameWithType: ReflectionHelper.GetMemberAssembly()
  fullName: WaveEngine.Common.Helpers.ReflectionHelper.GetMemberAssembly()
  spec.csharp:
  - uid: WaveEngine.Common.Helpers.ReflectionHelper.GetMemberAssembly
    name: GetMemberAssembly
    nameWithType: ReflectionHelper.GetMemberAssembly
    fullName: WaveEngine.Common.Helpers.ReflectionHelper.GetMemberAssembly
  - name: (
    nameWithType: (
    fullName: (
  - name: )
    nameWithType: )
    fullName: )
  spec.vb:
  - uid: WaveEngine.Common.Helpers.ReflectionHelper.GetMemberAssembly
    name: GetMemberAssembly
    nameWithType: ReflectionHelper.GetMemberAssembly
    fullName: WaveEngine.Common.Helpers.ReflectionHelper.GetMemberAssembly
  - name: (
    nameWithType: (
    fullName: (
  - name: )
    nameWithType: )
    fullName: )
- uid: System.Object.WaveEngine.Common.Helpers.ReflectionHelper.GetTypeName
  commentId: M:WaveEngine.Common.Helpers.ReflectionHelper.GetTypeName(System.Object)
  parent: WaveEngine.Common.Helpers.ReflectionHelper
  definition: WaveEngine.Common.Helpers.ReflectionHelper.GetTypeName(System.Object)
  name: GetTypeName()
  nameWithType: ReflectionHelper.GetTypeName()
  fullName: WaveEngine.Common.Helpers.ReflectionHelper.GetTypeName()
  spec.csharp:
  - uid: WaveEngine.Common.Helpers.ReflectionHelper.GetTypeName
    name: GetTypeName
    nameWithType: ReflectionHelper.GetTypeName
    fullName: WaveEngine.Common.Helpers.ReflectionHelper.GetTypeName
  - name: (
    nameWithType: (
    fullName: (
  - name: )
    nameWithType: )
    fullName: )
  spec.vb:
  - uid: WaveEngine.Common.Helpers.ReflectionHelper.GetTypeName
    name: GetTypeName
    nameWithType: ReflectionHelper.GetTypeName
    fullName: WaveEngine.Common.Helpers.ReflectionHelper.GetTypeName
  - name: (
    nameWithType: (
    fullName: (
  - name: )
    nameWithType: )
    fullName: )
- uid: System
  commentId: N:System
  isExternal: true
  name: System
  nameWithType: System
  fullName: System
- uid: WaveEngine.Common.Helpers.ReflectionHelper.GetMemberAssembly(System.Object)
  commentId: M:WaveEngine.Common.Helpers.ReflectionHelper.GetMemberAssembly(System.Object)
  isExternal: true
  name: GetMemberAssembly(Object)
  nameWithType: ReflectionHelper.GetMemberAssembly(Object)
  fullName: WaveEngine.Common.Helpers.ReflectionHelper.GetMemberAssembly(System.Object)
  spec.csharp:
  - uid: WaveEngine.Common.Helpers.ReflectionHelper.GetMemberAssembly(System.Object)
    name: GetMemberAssembly
    nameWithType: ReflectionHelper.GetMemberAssembly
    fullName: WaveEngine.Common.Helpers.ReflectionHelper.GetMemberAssembly
  - name: (
    nameWithType: (
    fullName: (
  - uid: System.Object
    name: Object
    nameWithType: Object
    fullName: System.Object
    isExternal: true
  - name: )
    nameWithType: )
    fullName: )
  spec.vb:
  - uid: WaveEngine.Common.Helpers.ReflectionHelper.GetMemberAssembly(System.Object)
    name: GetMemberAssembly
    nameWithType: ReflectionHelper.GetMemberAssembly
    fullName: WaveEngine.Common.Helpers.ReflectionHelper.GetMemberAssembly
  - name: (
    nameWithType: (
    fullName: (
  - uid: System.Object
    name: Object
    nameWithType: Object
    fullName: System.Object
    isExternal: true
  - name: )
    nameWithType: )
    fullName: )
- uid: WaveEngine.Common.Helpers.ReflectionHelper
  commentId: T:WaveEngine.Common.Helpers.ReflectionHelper
  parent: WaveEngine.Common.Helpers
  name: ReflectionHelper
  nameWithType: ReflectionHelper
  fullName: WaveEngine.Common.Helpers.ReflectionHelper
- uid: WaveEngine.Common.Helpers.ReflectionHelper.GetTypeName(System.Object)
  commentId: M:WaveEngine.Common.Helpers.ReflectionHelper.GetTypeName(System.Object)
  isExternal: true
  name: GetTypeName(Object)
  nameWithType: ReflectionHelper.GetTypeName(Object)
  fullName: WaveEngine.Common.Helpers.ReflectionHelper.GetTypeName(System.Object)
  spec.csharp:
  - uid: WaveEngine.Common.Helpers.ReflectionHelper.GetTypeName(System.Object)
    name: GetTypeName
    nameWithType: ReflectionHelper.GetTypeName
    fullName: WaveEngine.Common.Helpers.ReflectionHelper.GetTypeName
  - name: (
    nameWithType: (
    fullName: (
  - uid: System.Object
    name: Object
    nameWithType: Object
    fullName: System.Object
    isExternal: true
  - name: )
    nameWithType: )
    fullName: )
  spec.vb:
  - uid: WaveEngine.Common.Helpers.ReflectionHelper.GetTypeName(System.Object)
    name: GetTypeName
    nameWithType: ReflectionHelper.GetTypeName
    fullName: WaveEngine.Common.Helpers.ReflectionHelper.GetTypeName
  - name: (
    nameWithType: (
    fullName: (
  - uid: System.Object
    name: Object
    nameWithType: Object
    fullName: System.Object
    isExternal: true
  - name: )
    nameWithType: )
    fullName: )
- uid: WaveEngine.Common.Helpers
  commentId: N:WaveEngine.Common.Helpers
  name: WaveEngine.Common.Helpers
  nameWithType: WaveEngine.Common.Helpers
  fullName: WaveEngine.Common.Helpers
- uid: WaveEngine.Framework.Animation.AnimationClock.CurrentDuration*
  commentId: Overload:WaveEngine.Framework.Animation.AnimationClock.CurrentDuration
  name: CurrentDuration
  nameWithType: AnimationClock.CurrentDuration
  fullName: WaveEngine.Framework.Animation.AnimationClock.CurrentDuration
- uid: WaveEngine.Framework.Animation.Duration
  commentId: T:WaveEngine.Framework.Animation.Duration
  parent: WaveEngine.Framework.Animation
  name: Duration
  nameWithType: Duration
  fullName: WaveEngine.Framework.Animation.Duration
- uid: WaveEngine.Framework.Animation.AnimationClock.CurrentState*
  commentId: Overload:WaveEngine.Framework.Animation.AnimationClock.CurrentState
  name: CurrentState
  nameWithType: AnimationClock.CurrentState
  fullName: WaveEngine.Framework.Animation.AnimationClock.CurrentState
- uid: WaveEngine.Framework.Animation.ClockState
  commentId: T:WaveEngine.Framework.Animation.ClockState
  parent: WaveEngine.Framework.Animation
  name: ClockState
  nameWithType: ClockState
  fullName: WaveEngine.Framework.Animation.ClockState
- uid: WaveEngine.Framework.Animation.AnimationClock.CurrentIteration*
  commentId: Overload:WaveEngine.Framework.Animation.AnimationClock.CurrentIteration
  name: CurrentIteration
  nameWithType: AnimationClock.CurrentIteration
  fullName: WaveEngine.Framework.Animation.AnimationClock.CurrentIteration
- uid: System.Int32
  commentId: T:System.Int32
  parent: System
  isExternal: true
  name: Int32
  nameWithType: Int32
  fullName: System.Int32
- uid: WaveEngine.Framework.Animation.AnimationClock.Value*
  commentId: Overload:WaveEngine.Framework.Animation.AnimationClock.Value
  name: Value
  nameWithType: AnimationClock.Value
  fullName: WaveEngine.Framework.Animation.AnimationClock.Value
- uid: System.Double
  commentId: T:System.Double
  parent: System
  isExternal: true
  name: Double
  nameWithType: Double
  fullName: System.Double
- uid: WaveEngine.Framework.Animation.AnimationClock.AccelerationRatio*
  commentId: Overload:WaveEngine.Framework.Animation.AnimationClock.AccelerationRatio
  name: AccelerationRatio
  nameWithType: AnimationClock.AccelerationRatio
  fullName: WaveEngine.Framework.Animation.AnimationClock.AccelerationRatio
- uid: WaveEngine.Framework.Animation.AnimationClock.DecelerationRatio*
  commentId: Overload:WaveEngine.Framework.Animation.AnimationClock.DecelerationRatio
  name: DecelerationRatio
  nameWithType: AnimationClock.DecelerationRatio
  fullName: WaveEngine.Framework.Animation.AnimationClock.DecelerationRatio
- uid: WaveEngine.Framework.Animation.AnimationClock.ComputeCurrentTime*
  commentId: Overload:WaveEngine.Framework.Animation.AnimationClock.ComputeCurrentTime
  name: ComputeCurrentTime
  nameWithType: AnimationClock.ComputeCurrentTime
  fullName: WaveEngine.Framework.Animation.AnimationClock.ComputeCurrentTime
- uid: System.TimeSpan
  commentId: T:System.TimeSpan
  parent: System
  isExternal: true
  name: TimeSpan
  nameWithType: TimeSpan
  fullName: System.TimeSpan
- uid: WaveEngine.Framework.Animation.AnimationClock.Reset*
  commentId: Overload:WaveEngine.Framework.Animation.AnimationClock.Reset
  name: Reset
  nameWithType: AnimationClock.Reset
  fullName: WaveEngine.Framework.Animation.AnimationClock.Reset
- uid: WaveEngine.Framework.Animation.AnimationClock.Stop*
  commentId: Overload:WaveEngine.Framework.Animation.AnimationClock.Stop
  name: Stop
  nameWithType: AnimationClock.Stop
  fullName: WaveEngine.Framework.Animation.AnimationClock.Stop
