### YamlMime:ManagedReference
items:
- uid: WaveEngine.Components.UI.TextBlock
  commentId: T:WaveEngine.Components.UI.TextBlock
  id: TextBlock
  parent: WaveEngine.Components.UI
  children:
  - WaveEngine.Components.UI.TextBlock.#ctor
  - WaveEngine.Components.UI.TextBlock.#ctor(System.String)
  - WaveEngine.Components.UI.TextBlock.#ctor(System.String,System.Int32)
  - WaveEngine.Components.UI.TextBlock.FontPath
  - WaveEngine.Components.UI.TextBlock.Foreground
  - WaveEngine.Components.UI.TextBlock.Height
  - WaveEngine.Components.UI.TextBlock.HorizontalAlignment
  - WaveEngine.Components.UI.TextBlock.LineHeight
  - WaveEngine.Components.UI.TextBlock.LineSpacing
  - WaveEngine.Components.UI.TextBlock.Margin
  - WaveEngine.Components.UI.TextBlock.RichTextEnabled
  - WaveEngine.Components.UI.TextBlock.Text
  - WaveEngine.Components.UI.TextBlock.TextAlignment
  - WaveEngine.Components.UI.TextBlock.TextWrapping
  - WaveEngine.Components.UI.TextBlock.VerticalAlignment
  - WaveEngine.Components.UI.TextBlock.Width
  langs:
  - csharp
  - vb
  name: TextBlock
  nameWithType: TextBlock
  fullName: WaveEngine.Components.UI.TextBlock
  type: Class
  source:
    id: TextBlock
    path: D:\Source\Repos\TestDoc\src25\Common\WaveEngine.Components\Shared\UI\TextBlock\TextBlock.cs
    startLine: 19
  assemblies:
  - WaveEngine.Components
  namespace: WaveEngine.Components.UI
  summary: "\nTextBlock decorate class\n"
  example: []
  syntax:
    content: 'public class TextBlock : UIBase, IDisposable'
    content.vb: >-
      Public Class TextBlock

          Inherits UIBase

          Implements IDisposable
  inheritance:
  - System.Object
  - WaveEngine.Framework.BaseDecorator
  - WaveEngine.Components.UI.UIBase
  implements:
  - System.IDisposable
  inheritedMembers:
  - WaveEngine.Components.UI.UIBase.IsBorder
  - WaveEngine.Components.UI.UIBase.BorderColor
  - WaveEngine.Components.UI.UIBase.DrawOrder
  - WaveEngine.Components.UI.UIBase.Opacity
  - WaveEngine.Components.UI.UIBase.SetValue(WaveEngine.Framework.DependencyProperty,System.Object)
  - WaveEngine.Components.UI.UIBase.GetValue(WaveEngine.Framework.DependencyProperty)
  - WaveEngine.Components.UI.UIBase.Dispose
  - WaveEngine.Framework.BaseDecorator.entity
  - WaveEngine.Framework.BaseDecorator.Entity
  - WaveEngine.Framework.BaseDecorator.Name
  - WaveEngine.Framework.BaseDecorator.Tag
  - WaveEngine.Framework.BaseDecorator.IsVisible
  - System.Object.ToString
  - System.Object.Equals(System.Object)
  - System.Object.Equals(System.Object,System.Object)
  - System.Object.ReferenceEquals(System.Object,System.Object)
  - System.Object.GetHashCode
  - System.Object.GetType
  - System.Object.MemberwiseClone
  extensionMethods:
  - System.Object.WaveEngine.Common.Helpers.ReflectionHelper.GetMemberAssembly
  - System.Object.WaveEngine.Common.Helpers.ReflectionHelper.GetTypeName
  modifiers.csharp:
  - public
  - class
  modifiers.vb:
  - Public
  - Class
- uid: WaveEngine.Components.UI.TextBlock.LineHeight
  commentId: P:WaveEngine.Components.UI.TextBlock.LineHeight
  id: LineHeight
  parent: WaveEngine.Components.UI.TextBlock
  langs:
  - csharp
  - vb
  name: LineHeight
  nameWithType: TextBlock.LineHeight
  fullName: WaveEngine.Components.UI.TextBlock.LineHeight
  type: Property
  source:
    id: LineHeight
    path: D:\Source\Repos\TestDoc\src25\Common\WaveEngine.Components\Shared\UI\TextBlock\TextBlock.cs
    startLine: 34
  assemblies:
  - WaveEngine.Components
  namespace: WaveEngine.Components.UI
  summary: "\nGets the height of the line.\n"
  example: []
  syntax:
    content: public float LineHeight { get; }
    parameters: []
    return:
      type: System.Single
      description: "\nThe height of the line.\n"
    content.vb: Public ReadOnly Property LineHeight As Single
  overload: WaveEngine.Components.UI.TextBlock.LineHeight*
  modifiers.csharp:
  - public
  - get
  modifiers.vb:
  - Public
  - ReadOnly
- uid: WaveEngine.Components.UI.TextBlock.Margin
  commentId: P:WaveEngine.Components.UI.TextBlock.Margin
  id: Margin
  parent: WaveEngine.Components.UI.TextBlock
  langs:
  - csharp
  - vb
  name: Margin
  nameWithType: TextBlock.Margin
  fullName: WaveEngine.Components.UI.TextBlock.Margin
  type: Property
  source:
    id: Margin
    path: D:\Source\Repos\TestDoc\src25\Common\WaveEngine.Components\Shared\UI\TextBlock\TextBlock.cs
    startLine: 48
  assemblies:
  - WaveEngine.Components
  namespace: WaveEngine.Components.UI
  summary: "\nGets or sets the margin.\n"
  example: []
  syntax:
    content: >-
      [DataMember]

      public Thickness Margin { get; set; }
    parameters: []
    return:
      type: WaveEngine.Framework.UI.Thickness
      description: "\nThe margin.\n"
    content.vb: >-
      <DataMember>

      Public Property Margin As Thickness
  overload: WaveEngine.Components.UI.TextBlock.Margin*
  attributes:
  - type: System.Runtime.Serialization.DataMemberAttribute
    ctor: System.Runtime.Serialization.DataMemberAttribute.#ctor
    arguments: []
  modifiers.csharp:
  - public
  - get
  - set
  modifiers.vb:
  - Public
- uid: WaveEngine.Components.UI.TextBlock.Text
  commentId: P:WaveEngine.Components.UI.TextBlock.Text
  id: Text
  parent: WaveEngine.Components.UI.TextBlock
  langs:
  - csharp
  - vb
  name: Text
  nameWithType: TextBlock.Text
  fullName: WaveEngine.Components.UI.TextBlock.Text
  type: Property
  source:
    id: Text
    path: D:\Source\Repos\TestDoc\src25\Common\WaveEngine.Components\Shared\UI\TextBlock\TextBlock.cs
    startLine: 68
  assemblies:
  - WaveEngine.Components
  namespace: WaveEngine.Components.UI
  summary: "\nGets or sets the text.\n"
  example: []
  syntax:
    content: >-
      [DataMember]

      public string Text { get; set; }
    parameters: []
    return:
      type: System.String
      description: "\nThe text.\n"
    content.vb: >-
      <DataMember>

      Public Property Text As String
  overload: WaveEngine.Components.UI.TextBlock.Text*
  attributes:
  - type: System.Runtime.Serialization.DataMemberAttribute
    ctor: System.Runtime.Serialization.DataMemberAttribute.#ctor
    arguments: []
  modifiers.csharp:
  - public
  - get
  - set
  modifiers.vb:
  - Public
- uid: WaveEngine.Components.UI.TextBlock.TextAlignment
  commentId: P:WaveEngine.Components.UI.TextBlock.TextAlignment
  id: TextAlignment
  parent: WaveEngine.Components.UI.TextBlock
  langs:
  - csharp
  - vb
  name: TextAlignment
  nameWithType: TextBlock.TextAlignment
  fullName: WaveEngine.Components.UI.TextBlock.TextAlignment
  type: Property
  source:
    id: TextAlignment
    path: D:\Source\Repos\TestDoc\src25\Common\WaveEngine.Components\Shared\UI\TextBlock\TextBlock.cs
    startLine: 88
  assemblies:
  - WaveEngine.Components
  namespace: WaveEngine.Components.UI
  summary: "\nGets or sets the text alignment.\n"
  example: []
  syntax:
    content: >-
      [DataMember]

      public TextAlignment TextAlignment { get; set; }
    parameters: []
    return:
      type: WaveEngine.Components.UI.TextAlignment
      description: "\nThe text alignment.\n"
    content.vb: >-
      <DataMember>

      Public Property TextAlignment As TextAlignment
  overload: WaveEngine.Components.UI.TextBlock.TextAlignment*
  attributes:
  - type: System.Runtime.Serialization.DataMemberAttribute
    ctor: System.Runtime.Serialization.DataMemberAttribute.#ctor
    arguments: []
  modifiers.csharp:
  - public
  - get
  - set
  modifiers.vb:
  - Public
- uid: WaveEngine.Components.UI.TextBlock.TextWrapping
  commentId: P:WaveEngine.Components.UI.TextBlock.TextWrapping
  id: TextWrapping
  parent: WaveEngine.Components.UI.TextBlock
  langs:
  - csharp
  - vb
  name: TextWrapping
  nameWithType: TextBlock.TextWrapping
  fullName: WaveEngine.Components.UI.TextBlock.TextWrapping
  type: Property
  source:
    id: TextWrapping
    path: D:\Source\Repos\TestDoc\src25\Common\WaveEngine.Components\Shared\UI\TextBlock\TextBlock.cs
    startLine: 108
  assemblies:
  - WaveEngine.Components
  namespace: WaveEngine.Components.UI
  summary: "\nGets or sets a value indicating whether [text wrapping].\n"
  example: []
  syntax:
    content: >-
      [DataMember]

      public bool TextWrapping { get; set; }
    parameters: []
    return:
      type: System.Boolean
      description: "\n<code>true</code> if [text wrapping]; otherwise, <code>false</code>.\n"
    content.vb: >-
      <DataMember>

      Public Property TextWrapping As Boolean
  overload: WaveEngine.Components.UI.TextBlock.TextWrapping*
  attributes:
  - type: System.Runtime.Serialization.DataMemberAttribute
    ctor: System.Runtime.Serialization.DataMemberAttribute.#ctor
    arguments: []
  modifiers.csharp:
  - public
  - get
  - set
  modifiers.vb:
  - Public
- uid: WaveEngine.Components.UI.TextBlock.FontPath
  commentId: P:WaveEngine.Components.UI.TextBlock.FontPath
  id: FontPath
  parent: WaveEngine.Components.UI.TextBlock
  langs:
  - csharp
  - vb
  name: FontPath
  nameWithType: TextBlock.FontPath
  fullName: WaveEngine.Components.UI.TextBlock.FontPath
  type: Property
  source:
    id: FontPath
    path: D:\Source\Repos\TestDoc\src25\Common\WaveEngine.Components\Shared\UI\TextBlock\TextBlock.cs
    startLine: 128
  assemblies:
  - WaveEngine.Components
  namespace: WaveEngine.Components.UI
  summary: "\nSets the font.\n"
  example: []
  syntax:
    content: public string FontPath { set; }
    parameters: []
    return:
      type: System.String
      description: "\nThe font.\n"
    content.vb: Public WriteOnly Property FontPath As String
  overload: WaveEngine.Components.UI.TextBlock.FontPath*
  modifiers.csharp:
  - public
  - set
  modifiers.vb:
  - Public
  - WriteOnly
- uid: WaveEngine.Components.UI.TextBlock.Foreground
  commentId: P:WaveEngine.Components.UI.TextBlock.Foreground
  id: Foreground
  parent: WaveEngine.Components.UI.TextBlock
  langs:
  - csharp
  - vb
  name: Foreground
  nameWithType: TextBlock.Foreground
  fullName: WaveEngine.Components.UI.TextBlock.Foreground
  type: Property
  source:
    id: Foreground
    path: D:\Source\Repos\TestDoc\src25\Common\WaveEngine.Components\Shared\UI\TextBlock\TextBlock.cs
    startLine: 162
  assemblies:
  - WaveEngine.Components
  namespace: WaveEngine.Components.UI
  summary: "\nGets or sets the foreground.\n"
  example: []
  syntax:
    content: >-
      [DataMember]

      public Color Foreground { get; set; }
    parameters: []
    return:
      type: WaveEngine.Common.Graphics.Color
      description: "\nThe foreground.\n"
    content.vb: >-
      <DataMember>

      Public Property Foreground As Color
  overload: WaveEngine.Components.UI.TextBlock.Foreground*
  attributes:
  - type: System.Runtime.Serialization.DataMemberAttribute
    ctor: System.Runtime.Serialization.DataMemberAttribute.#ctor
    arguments: []
  modifiers.csharp:
  - public
  - get
  - set
  modifiers.vb:
  - Public
- uid: WaveEngine.Components.UI.TextBlock.Width
  commentId: P:WaveEngine.Components.UI.TextBlock.Width
  id: Width
  parent: WaveEngine.Components.UI.TextBlock
  langs:
  - csharp
  - vb
  name: Width
  nameWithType: TextBlock.Width
  fullName: WaveEngine.Components.UI.TextBlock.Width
  type: Property
  source:
    id: Width
    path: D:\Source\Repos\TestDoc\src25\Common\WaveEngine.Components\Shared\UI\TextBlock\TextBlock.cs
    startLine: 182
  assemblies:
  - WaveEngine.Components
  namespace: WaveEngine.Components.UI
  summary: "\nGets or sets the width.\n"
  example: []
  syntax:
    content: >-
      [DataMember]

      public float Width { get; set; }
    parameters: []
    return:
      type: System.Single
      description: "\nThe width.\n"
    content.vb: >-
      <DataMember>

      Public Property Width As Single
  overload: WaveEngine.Components.UI.TextBlock.Width*
  attributes:
  - type: System.Runtime.Serialization.DataMemberAttribute
    ctor: System.Runtime.Serialization.DataMemberAttribute.#ctor
    arguments: []
  modifiers.csharp:
  - public
  - get
  - set
  modifiers.vb:
  - Public
- uid: WaveEngine.Components.UI.TextBlock.Height
  commentId: P:WaveEngine.Components.UI.TextBlock.Height
  id: Height
  parent: WaveEngine.Components.UI.TextBlock
  langs:
  - csharp
  - vb
  name: Height
  nameWithType: TextBlock.Height
  fullName: WaveEngine.Components.UI.TextBlock.Height
  type: Property
  source:
    id: Height
    path: D:\Source\Repos\TestDoc\src25\Common\WaveEngine.Components\Shared\UI\TextBlock\TextBlock.cs
    startLine: 203
  assemblies:
  - WaveEngine.Components
  namespace: WaveEngine.Components.UI
  summary: "\nGets or sets the height.\n"
  example: []
  syntax:
    content: >-
      [DataMember]

      public float Height { get; set; }
    parameters: []
    return:
      type: System.Single
      description: "\nThe height.\n"
    content.vb: >-
      <DataMember>

      Public Property Height As Single
  overload: WaveEngine.Components.UI.TextBlock.Height*
  attributes:
  - type: System.Runtime.Serialization.DataMemberAttribute
    ctor: System.Runtime.Serialization.DataMemberAttribute.#ctor
    arguments: []
  modifiers.csharp:
  - public
  - get
  - set
  modifiers.vb:
  - Public
- uid: WaveEngine.Components.UI.TextBlock.HorizontalAlignment
  commentId: P:WaveEngine.Components.UI.TextBlock.HorizontalAlignment
  id: HorizontalAlignment
  parent: WaveEngine.Components.UI.TextBlock
  langs:
  - csharp
  - vb
  name: HorizontalAlignment
  nameWithType: TextBlock.HorizontalAlignment
  fullName: WaveEngine.Components.UI.TextBlock.HorizontalAlignment
  type: Property
  source:
    id: HorizontalAlignment
    path: D:\Source\Repos\TestDoc\src25\Common\WaveEngine.Components\Shared\UI\TextBlock\TextBlock.cs
    startLine: 223
  assemblies:
  - WaveEngine.Components
  namespace: WaveEngine.Components.UI
  summary: "\nGets or sets the horizontal alignment.\n"
  example: []
  syntax:
    content: >-
      [DataMember]

      public HorizontalAlignment HorizontalAlignment { get; set; }
    parameters: []
    return:
      type: WaveEngine.Framework.UI.HorizontalAlignment
      description: "\nThe horizontal alignment.\n"
    content.vb: >-
      <DataMember>

      Public Property HorizontalAlignment As HorizontalAlignment
  overload: WaveEngine.Components.UI.TextBlock.HorizontalAlignment*
  attributes:
  - type: System.Runtime.Serialization.DataMemberAttribute
    ctor: System.Runtime.Serialization.DataMemberAttribute.#ctor
    arguments: []
  modifiers.csharp:
  - public
  - get
  - set
  modifiers.vb:
  - Public
- uid: WaveEngine.Components.UI.TextBlock.VerticalAlignment
  commentId: P:WaveEngine.Components.UI.TextBlock.VerticalAlignment
  id: VerticalAlignment
  parent: WaveEngine.Components.UI.TextBlock
  langs:
  - csharp
  - vb
  name: VerticalAlignment
  nameWithType: TextBlock.VerticalAlignment
  fullName: WaveEngine.Components.UI.TextBlock.VerticalAlignment
  type: Property
  source:
    id: VerticalAlignment
    path: D:\Source\Repos\TestDoc\src25\Common\WaveEngine.Components\Shared\UI\TextBlock\TextBlock.cs
    startLine: 243
  assemblies:
  - WaveEngine.Components
  namespace: WaveEngine.Components.UI
  summary: "\nGets or sets the vertical alignment.\n"
  example: []
  syntax:
    content: >-
      [DataMember]

      public VerticalAlignment VerticalAlignment { get; set; }
    parameters: []
    return:
      type: WaveEngine.Framework.UI.VerticalAlignment
      description: "\nThe vertical alignment.\n"
    content.vb: >-
      <DataMember>

      Public Property VerticalAlignment As VerticalAlignment
  overload: WaveEngine.Components.UI.TextBlock.VerticalAlignment*
  attributes:
  - type: System.Runtime.Serialization.DataMemberAttribute
    ctor: System.Runtime.Serialization.DataMemberAttribute.#ctor
    arguments: []
  modifiers.csharp:
  - public
  - get
  - set
  modifiers.vb:
  - Public
- uid: WaveEngine.Components.UI.TextBlock.RichTextEnabled
  commentId: P:WaveEngine.Components.UI.TextBlock.RichTextEnabled
  id: RichTextEnabled
  parent: WaveEngine.Components.UI.TextBlock
  langs:
  - csharp
  - vb
  name: RichTextEnabled
  nameWithType: TextBlock.RichTextEnabled
  fullName: WaveEngine.Components.UI.TextBlock.RichTextEnabled
  type: Property
  source:
    id: RichTextEnabled
    path: D:\Source\Repos\TestDoc\src25\Common\WaveEngine.Components\Shared\UI\TextBlock\TextBlock.cs
    startLine: 263
  assemblies:
  - WaveEngine.Components
  namespace: WaveEngine.Components.UI
  summary: "\nGets or sets a value indicating whether [rich text enabled].\n"
  example: []
  syntax:
    content: >-
      [DataMember]

      public bool RichTextEnabled { get; set; }
    parameters: []
    return:
      type: System.Boolean
      description: "\n<code>true</code> if [rich text enabled]; otherwise, <code>false</code>.\n"
    content.vb: >-
      <DataMember>

      Public Property RichTextEnabled As Boolean
  overload: WaveEngine.Components.UI.TextBlock.RichTextEnabled*
  attributes:
  - type: System.Runtime.Serialization.DataMemberAttribute
    ctor: System.Runtime.Serialization.DataMemberAttribute.#ctor
    arguments: []
  modifiers.csharp:
  - public
  - get
  - set
  modifiers.vb:
  - Public
- uid: WaveEngine.Components.UI.TextBlock.LineSpacing
  commentId: P:WaveEngine.Components.UI.TextBlock.LineSpacing
  id: LineSpacing
  parent: WaveEngine.Components.UI.TextBlock
  langs:
  - csharp
  - vb
  name: LineSpacing
  nameWithType: TextBlock.LineSpacing
  fullName: WaveEngine.Components.UI.TextBlock.LineSpacing
  type: Property
  source:
    id: LineSpacing
    path: D:\Source\Repos\TestDoc\src25\Common\WaveEngine.Components\Shared\UI\TextBlock\TextBlock.cs
    startLine: 283
  assemblies:
  - WaveEngine.Components
  namespace: WaveEngine.Components.UI
  summary: "\nGets or sets the line spacing.\n"
  example: []
  syntax:
    content: >-
      [DataMember]

      public float LineSpacing { get; set; }
    parameters: []
    return:
      type: System.Single
      description: "\nThe line spacing.\n"
    content.vb: >-
      <DataMember>

      Public Property LineSpacing As Single
  overload: WaveEngine.Components.UI.TextBlock.LineSpacing*
  attributes:
  - type: System.Runtime.Serialization.DataMemberAttribute
    ctor: System.Runtime.Serialization.DataMemberAttribute.#ctor
    arguments: []
  modifiers.csharp:
  - public
  - get
  - set
  modifiers.vb:
  - Public
- uid: WaveEngine.Components.UI.TextBlock.#ctor
  commentId: M:WaveEngine.Components.UI.TextBlock.#ctor
  id: '#ctor'
  parent: WaveEngine.Components.UI.TextBlock
  langs:
  - csharp
  - vb
  name: TextBlock()
  nameWithType: TextBlock.TextBlock()
  fullName: WaveEngine.Components.UI.TextBlock.TextBlock()
  type: Constructor
  source:
    id: .ctor
    path: D:\Source\Repos\TestDoc\src25\Common\WaveEngine.Components\Shared\UI\TextBlock\TextBlock.cs
    startLine: 304
  assemblies:
  - WaveEngine.Components
  namespace: WaveEngine.Components.UI
  summary: "\nInitializes a new instance of the <xref href=\"WaveEngine.Components.UI.TextBlock\" data-throw-if-not-resolved=\"false\"></xref> class.\n"
  example: []
  syntax:
    content: public TextBlock()
    content.vb: Public Sub New
  overload: WaveEngine.Components.UI.TextBlock.#ctor*
  modifiers.csharp:
  - public
  modifiers.vb:
  - Public
- uid: WaveEngine.Components.UI.TextBlock.#ctor(System.String)
  commentId: M:WaveEngine.Components.UI.TextBlock.#ctor(System.String)
  id: '#ctor(System.String)'
  parent: WaveEngine.Components.UI.TextBlock
  langs:
  - csharp
  - vb
  name: TextBlock(String)
  nameWithType: TextBlock.TextBlock(String)
  fullName: WaveEngine.Components.UI.TextBlock.TextBlock(System.String)
  type: Constructor
  source:
    id: .ctor
    path: D:\Source\Repos\TestDoc\src25\Common\WaveEngine.Components\Shared\UI\TextBlock\TextBlock.cs
    startLine: 313
  assemblies:
  - WaveEngine.Components
  namespace: WaveEngine.Components.UI
  summary: "\nInitializes a new instance of the <xref href=\"WaveEngine.Components.UI.TextBlock\" data-throw-if-not-resolved=\"false\"></xref> class.\n"
  example: []
  syntax:
    content: public TextBlock(string name)
    parameters:
    - id: name
      type: System.String
      description: The name.
    content.vb: Public Sub New(name As String)
  overload: WaveEngine.Components.UI.TextBlock.#ctor*
  modifiers.csharp:
  - public
  modifiers.vb:
  - Public
- uid: WaveEngine.Components.UI.TextBlock.#ctor(System.String,System.Int32)
  commentId: M:WaveEngine.Components.UI.TextBlock.#ctor(System.String,System.Int32)
  id: '#ctor(System.String,System.Int32)'
  parent: WaveEngine.Components.UI.TextBlock
  langs:
  - csharp
  - vb
  name: TextBlock(String, Int32)
  nameWithType: TextBlock.TextBlock(String, Int32)
  fullName: WaveEngine.Components.UI.TextBlock.TextBlock(System.String, System.Int32)
  type: Constructor
  source:
    id: .ctor
    path: D:\Source\Repos\TestDoc\src25\Common\WaveEngine.Components\Shared\UI\TextBlock\TextBlock.cs
    startLine: 323
  assemblies:
  - WaveEngine.Components
  namespace: WaveEngine.Components.UI
  summary: "\nInitializes a new instance of the <xref href=\"WaveEngine.Components.UI.TextBlock\" data-throw-if-not-resolved=\"false\"></xref> class.\n"
  example: []
  syntax:
    content: public TextBlock(string name, int layer)
    parameters:
    - id: name
      type: System.String
      description: The name.
    - id: layer
      type: System.Int32
      description: The layer.
    content.vb: Public Sub New(name As String, layer As Integer)
  overload: WaveEngine.Components.UI.TextBlock.#ctor*
  modifiers.csharp:
  - public
  modifiers.vb:
  - Public
references:
- uid: WaveEngine.Components.UI
  commentId: N:WaveEngine.Components.UI
  name: WaveEngine.Components.UI
  nameWithType: WaveEngine.Components.UI
  fullName: WaveEngine.Components.UI
- uid: System.Object
  commentId: T:System.Object
  parent: System
  isExternal: true
  name: Object
  nameWithType: Object
  fullName: System.Object
- uid: WaveEngine.Framework.BaseDecorator
  commentId: T:WaveEngine.Framework.BaseDecorator
  parent: WaveEngine.Framework
  name: BaseDecorator
  nameWithType: BaseDecorator
  fullName: WaveEngine.Framework.BaseDecorator
- uid: WaveEngine.Components.UI.UIBase
  commentId: T:WaveEngine.Components.UI.UIBase
  parent: WaveEngine.Components.UI
  name: UIBase
  nameWithType: UIBase
  fullName: WaveEngine.Components.UI.UIBase
- uid: System.IDisposable
  commentId: T:System.IDisposable
  parent: System
  isExternal: true
  name: IDisposable
  nameWithType: IDisposable
  fullName: System.IDisposable
- uid: WaveEngine.Components.UI.UIBase.IsBorder
  commentId: P:WaveEngine.Components.UI.UIBase.IsBorder
  parent: WaveEngine.Components.UI.UIBase
  name: IsBorder
  nameWithType: UIBase.IsBorder
  fullName: WaveEngine.Components.UI.UIBase.IsBorder
- uid: WaveEngine.Components.UI.UIBase.BorderColor
  commentId: P:WaveEngine.Components.UI.UIBase.BorderColor
  parent: WaveEngine.Components.UI.UIBase
  name: BorderColor
  nameWithType: UIBase.BorderColor
  fullName: WaveEngine.Components.UI.UIBase.BorderColor
- uid: WaveEngine.Components.UI.UIBase.DrawOrder
  commentId: P:WaveEngine.Components.UI.UIBase.DrawOrder
  parent: WaveEngine.Components.UI.UIBase
  name: DrawOrder
  nameWithType: UIBase.DrawOrder
  fullName: WaveEngine.Components.UI.UIBase.DrawOrder
- uid: WaveEngine.Components.UI.UIBase.Opacity
  commentId: P:WaveEngine.Components.UI.UIBase.Opacity
  parent: WaveEngine.Components.UI.UIBase
  name: Opacity
  nameWithType: UIBase.Opacity
  fullName: WaveEngine.Components.UI.UIBase.Opacity
- uid: WaveEngine.Components.UI.UIBase.SetValue(WaveEngine.Framework.DependencyProperty,System.Object)
  commentId: M:WaveEngine.Components.UI.UIBase.SetValue(WaveEngine.Framework.DependencyProperty,System.Object)
  parent: WaveEngine.Components.UI.UIBase
  isExternal: true
  name: SetValue(DependencyProperty, Object)
  nameWithType: UIBase.SetValue(DependencyProperty, Object)
  fullName: WaveEngine.Components.UI.UIBase.SetValue(WaveEngine.Framework.DependencyProperty, System.Object)
  spec.csharp:
  - uid: WaveEngine.Components.UI.UIBase.SetValue(WaveEngine.Framework.DependencyProperty,System.Object)
    name: SetValue
    nameWithType: UIBase.SetValue
    fullName: WaveEngine.Components.UI.UIBase.SetValue
  - name: (
    nameWithType: (
    fullName: (
  - uid: WaveEngine.Framework.DependencyProperty
    name: DependencyProperty
    nameWithType: DependencyProperty
    fullName: WaveEngine.Framework.DependencyProperty
  - name: ', '
    nameWithType: ', '
    fullName: ', '
  - uid: System.Object
    name: Object
    nameWithType: Object
    fullName: System.Object
    isExternal: true
  - name: )
    nameWithType: )
    fullName: )
  spec.vb:
  - uid: WaveEngine.Components.UI.UIBase.SetValue(WaveEngine.Framework.DependencyProperty,System.Object)
    name: SetValue
    nameWithType: UIBase.SetValue
    fullName: WaveEngine.Components.UI.UIBase.SetValue
  - name: (
    nameWithType: (
    fullName: (
  - uid: WaveEngine.Framework.DependencyProperty
    name: DependencyProperty
    nameWithType: DependencyProperty
    fullName: WaveEngine.Framework.DependencyProperty
  - name: ', '
    nameWithType: ', '
    fullName: ', '
  - uid: System.Object
    name: Object
    nameWithType: Object
    fullName: System.Object
    isExternal: true
  - name: )
    nameWithType: )
    fullName: )
- uid: WaveEngine.Components.UI.UIBase.GetValue(WaveEngine.Framework.DependencyProperty)
  commentId: M:WaveEngine.Components.UI.UIBase.GetValue(WaveEngine.Framework.DependencyProperty)
  parent: WaveEngine.Components.UI.UIBase
  name: GetValue(DependencyProperty)
  nameWithType: UIBase.GetValue(DependencyProperty)
  fullName: WaveEngine.Components.UI.UIBase.GetValue(WaveEngine.Framework.DependencyProperty)
  spec.csharp:
  - uid: WaveEngine.Components.UI.UIBase.GetValue(WaveEngine.Framework.DependencyProperty)
    name: GetValue
    nameWithType: UIBase.GetValue
    fullName: WaveEngine.Components.UI.UIBase.GetValue
  - name: (
    nameWithType: (
    fullName: (
  - uid: WaveEngine.Framework.DependencyProperty
    name: DependencyProperty
    nameWithType: DependencyProperty
    fullName: WaveEngine.Framework.DependencyProperty
  - name: )
    nameWithType: )
    fullName: )
  spec.vb:
  - uid: WaveEngine.Components.UI.UIBase.GetValue(WaveEngine.Framework.DependencyProperty)
    name: GetValue
    nameWithType: UIBase.GetValue
    fullName: WaveEngine.Components.UI.UIBase.GetValue
  - name: (
    nameWithType: (
    fullName: (
  - uid: WaveEngine.Framework.DependencyProperty
    name: DependencyProperty
    nameWithType: DependencyProperty
    fullName: WaveEngine.Framework.DependencyProperty
  - name: )
    nameWithType: )
    fullName: )
- uid: WaveEngine.Components.UI.UIBase.Dispose
  commentId: M:WaveEngine.Components.UI.UIBase.Dispose
  parent: WaveEngine.Components.UI.UIBase
  name: Dispose()
  nameWithType: UIBase.Dispose()
  fullName: WaveEngine.Components.UI.UIBase.Dispose()
  spec.csharp:
  - uid: WaveEngine.Components.UI.UIBase.Dispose
    name: Dispose
    nameWithType: UIBase.Dispose
    fullName: WaveEngine.Components.UI.UIBase.Dispose
  - name: (
    nameWithType: (
    fullName: (
  - name: )
    nameWithType: )
    fullName: )
  spec.vb:
  - uid: WaveEngine.Components.UI.UIBase.Dispose
    name: Dispose
    nameWithType: UIBase.Dispose
    fullName: WaveEngine.Components.UI.UIBase.Dispose
  - name: (
    nameWithType: (
    fullName: (
  - name: )
    nameWithType: )
    fullName: )
- uid: WaveEngine.Framework.BaseDecorator.entity
  commentId: F:WaveEngine.Framework.BaseDecorator.entity
  parent: WaveEngine.Framework.BaseDecorator
  name: entity
  nameWithType: BaseDecorator.entity
  fullName: WaveEngine.Framework.BaseDecorator.entity
- uid: WaveEngine.Framework.BaseDecorator.Entity
  commentId: P:WaveEngine.Framework.BaseDecorator.Entity
  parent: WaveEngine.Framework.BaseDecorator
  name: Entity
  nameWithType: BaseDecorator.Entity
  fullName: WaveEngine.Framework.BaseDecorator.Entity
- uid: WaveEngine.Framework.BaseDecorator.Name
  commentId: P:WaveEngine.Framework.BaseDecorator.Name
  parent: WaveEngine.Framework.BaseDecorator
  name: Name
  nameWithType: BaseDecorator.Name
  fullName: WaveEngine.Framework.BaseDecorator.Name
- uid: WaveEngine.Framework.BaseDecorator.Tag
  commentId: P:WaveEngine.Framework.BaseDecorator.Tag
  parent: WaveEngine.Framework.BaseDecorator
  name: Tag
  nameWithType: BaseDecorator.Tag
  fullName: WaveEngine.Framework.BaseDecorator.Tag
- uid: WaveEngine.Framework.BaseDecorator.IsVisible
  commentId: P:WaveEngine.Framework.BaseDecorator.IsVisible
  parent: WaveEngine.Framework.BaseDecorator
  name: IsVisible
  nameWithType: BaseDecorator.IsVisible
  fullName: WaveEngine.Framework.BaseDecorator.IsVisible
- uid: System.Object.ToString
  commentId: M:System.Object.ToString
  parent: System.Object
  isExternal: true
  name: ToString()
  nameWithType: Object.ToString()
  fullName: System.Object.ToString()
  spec.csharp:
  - uid: System.Object.ToString
    name: ToString
    nameWithType: Object.ToString
    fullName: System.Object.ToString
    isExternal: true
  - name: (
    nameWithType: (
    fullName: (
  - name: )
    nameWithType: )
    fullName: )
  spec.vb:
  - uid: System.Object.ToString
    name: ToString
    nameWithType: Object.ToString
    fullName: System.Object.ToString
    isExternal: true
  - name: (
    nameWithType: (
    fullName: (
  - name: )
    nameWithType: )
    fullName: )
- uid: System.Object.Equals(System.Object)
  commentId: M:System.Object.Equals(System.Object)
  parent: System.Object
  isExternal: true
  name: Equals(Object)
  nameWithType: Object.Equals(Object)
  fullName: System.Object.Equals(System.Object)
  spec.csharp:
  - uid: System.Object.Equals(System.Object)
    name: Equals
    nameWithType: Object.Equals
    fullName: System.Object.Equals
    isExternal: true
  - name: (
    nameWithType: (
    fullName: (
  - uid: System.Object
    name: Object
    nameWithType: Object
    fullName: System.Object
    isExternal: true
  - name: )
    nameWithType: )
    fullName: )
  spec.vb:
  - uid: System.Object.Equals(System.Object)
    name: Equals
    nameWithType: Object.Equals
    fullName: System.Object.Equals
    isExternal: true
  - name: (
    nameWithType: (
    fullName: (
  - uid: System.Object
    name: Object
    nameWithType: Object
    fullName: System.Object
    isExternal: true
  - name: )
    nameWithType: )
    fullName: )
- uid: System.Object.Equals(System.Object,System.Object)
  commentId: M:System.Object.Equals(System.Object,System.Object)
  parent: System.Object
  isExternal: true
  name: Equals(Object, Object)
  nameWithType: Object.Equals(Object, Object)
  fullName: System.Object.Equals(System.Object, System.Object)
  spec.csharp:
  - uid: System.Object.Equals(System.Object,System.Object)
    name: Equals
    nameWithType: Object.Equals
    fullName: System.Object.Equals
    isExternal: true
  - name: (
    nameWithType: (
    fullName: (
  - uid: System.Object
    name: Object
    nameWithType: Object
    fullName: System.Object
    isExternal: true
  - name: ', '
    nameWithType: ', '
    fullName: ', '
  - uid: System.Object
    name: Object
    nameWithType: Object
    fullName: System.Object
    isExternal: true
  - name: )
    nameWithType: )
    fullName: )
  spec.vb:
  - uid: System.Object.Equals(System.Object,System.Object)
    name: Equals
    nameWithType: Object.Equals
    fullName: System.Object.Equals
    isExternal: true
  - name: (
    nameWithType: (
    fullName: (
  - uid: System.Object
    name: Object
    nameWithType: Object
    fullName: System.Object
    isExternal: true
  - name: ', '
    nameWithType: ', '
    fullName: ', '
  - uid: System.Object
    name: Object
    nameWithType: Object
    fullName: System.Object
    isExternal: true
  - name: )
    nameWithType: )
    fullName: )
- uid: System.Object.ReferenceEquals(System.Object,System.Object)
  commentId: M:System.Object.ReferenceEquals(System.Object,System.Object)
  parent: System.Object
  isExternal: true
  name: ReferenceEquals(Object, Object)
  nameWithType: Object.ReferenceEquals(Object, Object)
  fullName: System.Object.ReferenceEquals(System.Object, System.Object)
  spec.csharp:
  - uid: System.Object.ReferenceEquals(System.Object,System.Object)
    name: ReferenceEquals
    nameWithType: Object.ReferenceEquals
    fullName: System.Object.ReferenceEquals
    isExternal: true
  - name: (
    nameWithType: (
    fullName: (
  - uid: System.Object
    name: Object
    nameWithType: Object
    fullName: System.Object
    isExternal: true
  - name: ', '
    nameWithType: ', '
    fullName: ', '
  - uid: System.Object
    name: Object
    nameWithType: Object
    fullName: System.Object
    isExternal: true
  - name: )
    nameWithType: )
    fullName: )
  spec.vb:
  - uid: System.Object.ReferenceEquals(System.Object,System.Object)
    name: ReferenceEquals
    nameWithType: Object.ReferenceEquals
    fullName: System.Object.ReferenceEquals
    isExternal: true
  - name: (
    nameWithType: (
    fullName: (
  - uid: System.Object
    name: Object
    nameWithType: Object
    fullName: System.Object
    isExternal: true
  - name: ', '
    nameWithType: ', '
    fullName: ', '
  - uid: System.Object
    name: Object
    nameWithType: Object
    fullName: System.Object
    isExternal: true
  - name: )
    nameWithType: )
    fullName: )
- uid: System.Object.GetHashCode
  commentId: M:System.Object.GetHashCode
  parent: System.Object
  isExternal: true
  name: GetHashCode()
  nameWithType: Object.GetHashCode()
  fullName: System.Object.GetHashCode()
  spec.csharp:
  - uid: System.Object.GetHashCode
    name: GetHashCode
    nameWithType: Object.GetHashCode
    fullName: System.Object.GetHashCode
    isExternal: true
  - name: (
    nameWithType: (
    fullName: (
  - name: )
    nameWithType: )
    fullName: )
  spec.vb:
  - uid: System.Object.GetHashCode
    name: GetHashCode
    nameWithType: Object.GetHashCode
    fullName: System.Object.GetHashCode
    isExternal: true
  - name: (
    nameWithType: (
    fullName: (
  - name: )
    nameWithType: )
    fullName: )
- uid: System.Object.GetType
  commentId: M:System.Object.GetType
  parent: System.Object
  isExternal: true
  name: GetType()
  nameWithType: Object.GetType()
  fullName: System.Object.GetType()
  spec.csharp:
  - uid: System.Object.GetType
    name: GetType
    nameWithType: Object.GetType
    fullName: System.Object.GetType
    isExternal: true
  - name: (
    nameWithType: (
    fullName: (
  - name: )
    nameWithType: )
    fullName: )
  spec.vb:
  - uid: System.Object.GetType
    name: GetType
    nameWithType: Object.GetType
    fullName: System.Object.GetType
    isExternal: true
  - name: (
    nameWithType: (
    fullName: (
  - name: )
    nameWithType: )
    fullName: )
- uid: System.Object.MemberwiseClone
  commentId: M:System.Object.MemberwiseClone
  parent: System.Object
  isExternal: true
  name: MemberwiseClone()
  nameWithType: Object.MemberwiseClone()
  fullName: System.Object.MemberwiseClone()
  spec.csharp:
  - uid: System.Object.MemberwiseClone
    name: MemberwiseClone
    nameWithType: Object.MemberwiseClone
    fullName: System.Object.MemberwiseClone
    isExternal: true
  - name: (
    nameWithType: (
    fullName: (
  - name: )
    nameWithType: )
    fullName: )
  spec.vb:
  - uid: System.Object.MemberwiseClone
    name: MemberwiseClone
    nameWithType: Object.MemberwiseClone
    fullName: System.Object.MemberwiseClone
    isExternal: true
  - name: (
    nameWithType: (
    fullName: (
  - name: )
    nameWithType: )
    fullName: )
- uid: System.Object.WaveEngine.Common.Helpers.ReflectionHelper.GetMemberAssembly
  commentId: M:WaveEngine.Common.Helpers.ReflectionHelper.GetMemberAssembly(System.Object)
  parent: WaveEngine.Common.Helpers.ReflectionHelper
  definition: WaveEngine.Common.Helpers.ReflectionHelper.GetMemberAssembly(System.Object)
  name: GetMemberAssembly()
  nameWithType: ReflectionHelper.GetMemberAssembly()
  fullName: WaveEngine.Common.Helpers.ReflectionHelper.GetMemberAssembly()
  spec.csharp:
  - uid: WaveEngine.Common.Helpers.ReflectionHelper.GetMemberAssembly
    name: GetMemberAssembly
    nameWithType: ReflectionHelper.GetMemberAssembly
    fullName: WaveEngine.Common.Helpers.ReflectionHelper.GetMemberAssembly
  - name: (
    nameWithType: (
    fullName: (
  - name: )
    nameWithType: )
    fullName: )
  spec.vb:
  - uid: WaveEngine.Common.Helpers.ReflectionHelper.GetMemberAssembly
    name: GetMemberAssembly
    nameWithType: ReflectionHelper.GetMemberAssembly
    fullName: WaveEngine.Common.Helpers.ReflectionHelper.GetMemberAssembly
  - name: (
    nameWithType: (
    fullName: (
  - name: )
    nameWithType: )
    fullName: )
- uid: System.Object.WaveEngine.Common.Helpers.ReflectionHelper.GetTypeName
  commentId: M:WaveEngine.Common.Helpers.ReflectionHelper.GetTypeName(System.Object)
  parent: WaveEngine.Common.Helpers.ReflectionHelper
  definition: WaveEngine.Common.Helpers.ReflectionHelper.GetTypeName(System.Object)
  name: GetTypeName()
  nameWithType: ReflectionHelper.GetTypeName()
  fullName: WaveEngine.Common.Helpers.ReflectionHelper.GetTypeName()
  spec.csharp:
  - uid: WaveEngine.Common.Helpers.ReflectionHelper.GetTypeName
    name: GetTypeName
    nameWithType: ReflectionHelper.GetTypeName
    fullName: WaveEngine.Common.Helpers.ReflectionHelper.GetTypeName
  - name: (
    nameWithType: (
    fullName: (
  - name: )
    nameWithType: )
    fullName: )
  spec.vb:
  - uid: WaveEngine.Common.Helpers.ReflectionHelper.GetTypeName
    name: GetTypeName
    nameWithType: ReflectionHelper.GetTypeName
    fullName: WaveEngine.Common.Helpers.ReflectionHelper.GetTypeName
  - name: (
    nameWithType: (
    fullName: (
  - name: )
    nameWithType: )
    fullName: )
- uid: System
  commentId: N:System
  isExternal: true
  name: System
  nameWithType: System
  fullName: System
- uid: WaveEngine.Framework
  commentId: N:WaveEngine.Framework
  name: WaveEngine.Framework
  nameWithType: WaveEngine.Framework
  fullName: WaveEngine.Framework
- uid: WaveEngine.Common.Helpers.ReflectionHelper.GetMemberAssembly(System.Object)
  commentId: M:WaveEngine.Common.Helpers.ReflectionHelper.GetMemberAssembly(System.Object)
  isExternal: true
  name: GetMemberAssembly(Object)
  nameWithType: ReflectionHelper.GetMemberAssembly(Object)
  fullName: WaveEngine.Common.Helpers.ReflectionHelper.GetMemberAssembly(System.Object)
  spec.csharp:
  - uid: WaveEngine.Common.Helpers.ReflectionHelper.GetMemberAssembly(System.Object)
    name: GetMemberAssembly
    nameWithType: ReflectionHelper.GetMemberAssembly
    fullName: WaveEngine.Common.Helpers.ReflectionHelper.GetMemberAssembly
  - name: (
    nameWithType: (
    fullName: (
  - uid: System.Object
    name: Object
    nameWithType: Object
    fullName: System.Object
    isExternal: true
  - name: )
    nameWithType: )
    fullName: )
  spec.vb:
  - uid: WaveEngine.Common.Helpers.ReflectionHelper.GetMemberAssembly(System.Object)
    name: GetMemberAssembly
    nameWithType: ReflectionHelper.GetMemberAssembly
    fullName: WaveEngine.Common.Helpers.ReflectionHelper.GetMemberAssembly
  - name: (
    nameWithType: (
    fullName: (
  - uid: System.Object
    name: Object
    nameWithType: Object
    fullName: System.Object
    isExternal: true
  - name: )
    nameWithType: )
    fullName: )
- uid: WaveEngine.Common.Helpers.ReflectionHelper
  commentId: T:WaveEngine.Common.Helpers.ReflectionHelper
  parent: WaveEngine.Common.Helpers
  name: ReflectionHelper
  nameWithType: ReflectionHelper
  fullName: WaveEngine.Common.Helpers.ReflectionHelper
- uid: WaveEngine.Common.Helpers.ReflectionHelper.GetTypeName(System.Object)
  commentId: M:WaveEngine.Common.Helpers.ReflectionHelper.GetTypeName(System.Object)
  isExternal: true
  name: GetTypeName(Object)
  nameWithType: ReflectionHelper.GetTypeName(Object)
  fullName: WaveEngine.Common.Helpers.ReflectionHelper.GetTypeName(System.Object)
  spec.csharp:
  - uid: WaveEngine.Common.Helpers.ReflectionHelper.GetTypeName(System.Object)
    name: GetTypeName
    nameWithType: ReflectionHelper.GetTypeName
    fullName: WaveEngine.Common.Helpers.ReflectionHelper.GetTypeName
  - name: (
    nameWithType: (
    fullName: (
  - uid: System.Object
    name: Object
    nameWithType: Object
    fullName: System.Object
    isExternal: true
  - name: )
    nameWithType: )
    fullName: )
  spec.vb:
  - uid: WaveEngine.Common.Helpers.ReflectionHelper.GetTypeName(System.Object)
    name: GetTypeName
    nameWithType: ReflectionHelper.GetTypeName
    fullName: WaveEngine.Common.Helpers.ReflectionHelper.GetTypeName
  - name: (
    nameWithType: (
    fullName: (
  - uid: System.Object
    name: Object
    nameWithType: Object
    fullName: System.Object
    isExternal: true
  - name: )
    nameWithType: )
    fullName: )
- uid: WaveEngine.Common.Helpers
  commentId: N:WaveEngine.Common.Helpers
  name: WaveEngine.Common.Helpers
  nameWithType: WaveEngine.Common.Helpers
  fullName: WaveEngine.Common.Helpers
- uid: WaveEngine.Components.UI.TextBlock.LineHeight*
  commentId: Overload:WaveEngine.Components.UI.TextBlock.LineHeight
  name: LineHeight
  nameWithType: TextBlock.LineHeight
  fullName: WaveEngine.Components.UI.TextBlock.LineHeight
- uid: System.Single
  commentId: T:System.Single
  parent: System
  isExternal: true
  name: Single
  nameWithType: Single
  fullName: System.Single
- uid: WaveEngine.Components.UI.TextBlock.Margin*
  commentId: Overload:WaveEngine.Components.UI.TextBlock.Margin
  name: Margin
  nameWithType: TextBlock.Margin
  fullName: WaveEngine.Components.UI.TextBlock.Margin
- uid: WaveEngine.Framework.UI.Thickness
  commentId: T:WaveEngine.Framework.UI.Thickness
  parent: WaveEngine.Framework.UI
  name: Thickness
  nameWithType: Thickness
  fullName: WaveEngine.Framework.UI.Thickness
- uid: WaveEngine.Framework.UI
  commentId: N:WaveEngine.Framework.UI
  name: WaveEngine.Framework.UI
  nameWithType: WaveEngine.Framework.UI
  fullName: WaveEngine.Framework.UI
- uid: WaveEngine.Components.UI.TextBlock.Text*
  commentId: Overload:WaveEngine.Components.UI.TextBlock.Text
  name: Text
  nameWithType: TextBlock.Text
  fullName: WaveEngine.Components.UI.TextBlock.Text
- uid: System.String
  commentId: T:System.String
  parent: System
  isExternal: true
  name: String
  nameWithType: String
  fullName: System.String
- uid: WaveEngine.Components.UI.TextBlock.TextAlignment*
  commentId: Overload:WaveEngine.Components.UI.TextBlock.TextAlignment
  name: TextAlignment
  nameWithType: TextBlock.TextAlignment
  fullName: WaveEngine.Components.UI.TextBlock.TextAlignment
- uid: WaveEngine.Components.UI.TextAlignment
  commentId: T:WaveEngine.Components.UI.TextAlignment
  parent: WaveEngine.Components.UI
  name: TextAlignment
  nameWithType: TextAlignment
  fullName: WaveEngine.Components.UI.TextAlignment
- uid: WaveEngine.Components.UI.TextBlock.TextWrapping*
  commentId: Overload:WaveEngine.Components.UI.TextBlock.TextWrapping
  name: TextWrapping
  nameWithType: TextBlock.TextWrapping
  fullName: WaveEngine.Components.UI.TextBlock.TextWrapping
- uid: System.Boolean
  commentId: T:System.Boolean
  parent: System
  isExternal: true
  name: Boolean
  nameWithType: Boolean
  fullName: System.Boolean
- uid: WaveEngine.Components.UI.TextBlock.FontPath*
  commentId: Overload:WaveEngine.Components.UI.TextBlock.FontPath
  name: FontPath
  nameWithType: TextBlock.FontPath
  fullName: WaveEngine.Components.UI.TextBlock.FontPath
- uid: WaveEngine.Components.UI.TextBlock.Foreground*
  commentId: Overload:WaveEngine.Components.UI.TextBlock.Foreground
  name: Foreground
  nameWithType: TextBlock.Foreground
  fullName: WaveEngine.Components.UI.TextBlock.Foreground
- uid: WaveEngine.Common.Graphics.Color
  commentId: T:WaveEngine.Common.Graphics.Color
  parent: WaveEngine.Common.Graphics
  name: Color
  nameWithType: Color
  fullName: WaveEngine.Common.Graphics.Color
- uid: WaveEngine.Common.Graphics
  commentId: N:WaveEngine.Common.Graphics
  name: WaveEngine.Common.Graphics
  nameWithType: WaveEngine.Common.Graphics
  fullName: WaveEngine.Common.Graphics
- uid: WaveEngine.Components.UI.TextBlock.Width*
  commentId: Overload:WaveEngine.Components.UI.TextBlock.Width
  name: Width
  nameWithType: TextBlock.Width
  fullName: WaveEngine.Components.UI.TextBlock.Width
- uid: WaveEngine.Components.UI.TextBlock.Height*
  commentId: Overload:WaveEngine.Components.UI.TextBlock.Height
  name: Height
  nameWithType: TextBlock.Height
  fullName: WaveEngine.Components.UI.TextBlock.Height
- uid: WaveEngine.Components.UI.TextBlock.HorizontalAlignment*
  commentId: Overload:WaveEngine.Components.UI.TextBlock.HorizontalAlignment
  name: HorizontalAlignment
  nameWithType: TextBlock.HorizontalAlignment
  fullName: WaveEngine.Components.UI.TextBlock.HorizontalAlignment
- uid: WaveEngine.Framework.UI.HorizontalAlignment
  commentId: T:WaveEngine.Framework.UI.HorizontalAlignment
  parent: WaveEngine.Framework.UI
  name: HorizontalAlignment
  nameWithType: HorizontalAlignment
  fullName: WaveEngine.Framework.UI.HorizontalAlignment
- uid: WaveEngine.Components.UI.TextBlock.VerticalAlignment*
  commentId: Overload:WaveEngine.Components.UI.TextBlock.VerticalAlignment
  name: VerticalAlignment
  nameWithType: TextBlock.VerticalAlignment
  fullName: WaveEngine.Components.UI.TextBlock.VerticalAlignment
- uid: WaveEngine.Framework.UI.VerticalAlignment
  commentId: T:WaveEngine.Framework.UI.VerticalAlignment
  parent: WaveEngine.Framework.UI
  name: VerticalAlignment
  nameWithType: VerticalAlignment
  fullName: WaveEngine.Framework.UI.VerticalAlignment
- uid: WaveEngine.Components.UI.TextBlock.RichTextEnabled*
  commentId: Overload:WaveEngine.Components.UI.TextBlock.RichTextEnabled
  name: RichTextEnabled
  nameWithType: TextBlock.RichTextEnabled
  fullName: WaveEngine.Components.UI.TextBlock.RichTextEnabled
- uid: WaveEngine.Components.UI.TextBlock.LineSpacing*
  commentId: Overload:WaveEngine.Components.UI.TextBlock.LineSpacing
  name: LineSpacing
  nameWithType: TextBlock.LineSpacing
  fullName: WaveEngine.Components.UI.TextBlock.LineSpacing
- uid: WaveEngine.Components.UI.TextBlock
  commentId: T:WaveEngine.Components.UI.TextBlock
  name: TextBlock
  nameWithType: TextBlock
  fullName: WaveEngine.Components.UI.TextBlock
- uid: WaveEngine.Components.UI.TextBlock.#ctor*
  commentId: Overload:WaveEngine.Components.UI.TextBlock.#ctor
  name: TextBlock
  nameWithType: TextBlock.TextBlock
  fullName: WaveEngine.Components.UI.TextBlock.TextBlock
- uid: System.Int32
  commentId: T:System.Int32
  parent: System
  isExternal: true
  name: Int32
  nameWithType: Int32
  fullName: System.Int32
